
Microsoft Visual Studio Solution File, Format Version 12.00
# Visual Studio Version 17
VisualStudioVersion = 17.14.37012.4 d17.14
MinimumVisualStudioVersion = 10.0.40219.1
Project("{FAE04EC0-301F-11D3-BF4B-00C04F79EFBC}") = "MicroTestCloud", "MicroTestCloud\MicroTestCloud.csproj", "{E91DA5FE-D006-46EC-8BF0-3BB0107D1827}"
EndProject
Global
	GlobalSection(SolutionConfigurationPlatforms) = preSolution
		Debug|Any CPU = Debug|Any CPU
		Release|Any CPU = Release|Any CPU
	EndGlobalSection
	GlobalSection(ProjectConfigurationPlatforms) = postSolution
		{E91DA5FE-D006-46EC-8BF0-3BB0107D1827}.Debug|Any CPU.ActiveCfg = Debug|Any CPU
		{E91DA5FE-D006-46EC-8BF0-3BB0107D1827}.Debug|Any CPU.Build.0 = Debug|Any CPU
		{E91DA5FE-D006-46EC-8BF0-3BB0107D1827}.Release|Any CPU.ActiveCfg = Release|Any CPU
		{E91DA5FE-D006-46EC-8BF0-3BB0107D1827}.Release|Any CPU.Build.0 = Release|Any CPU
	EndGlobalSection
	GlobalSection(SolutionProperties) = preSolution
		HideSolutionNode = FALSE
	EndGlobalSection
	GlobalSection(ExtensibilityGlobals) = postSolution
		SolutionGuid = {DF847ADE-FB54-46F7-880F-AA9D496EEC0E}
	EndGlobalSection
EndGlobal
